
Microsoft Visual Studio Solution File, Format Version 12.00
# Visual Studio Version 16
VisualStudioVersion = 16.0.30114.105
MinimumVisualStudioVersion = 10.0.40219.1
Project("{FAE04EC0-301F-11D3-BF4B-00C04F79EFBC}") = "Chapter02Program01.Zip", "Chapter02Program01.Zip\Chapter02Program01.Zip.csproj", "{6A478AB4-D49A-42FC-8E8D-3209C34F871A}"
EndProject
Global
	GlobalSection(SolutionConfigurationPlatforms) = preSolution
		Debug|Any CPU = Debug|Any CPU
		Release|Any CPU = Release|Any CPU
	EndGlobalSection
	GlobalSection(ProjectConfigurationPlatforms) = postSolution
		{6A478AB4-D49A-42FC-8E8D-3209C34F871A}.Debug|Any CPU.ActiveCfg = Debug|Any CPU
		{6A478AB4-D49A-42FC-8E8D-3209C34F871A}.Debug|Any CPU.Build.0 = Debug|Any CPU
		{6A478AB4-D49A-42FC-8E8D-3209C34F871A}.Release|Any CPU.ActiveCfg = Release|Any CPU
		{6A478AB4-D49A-42FC-8E8D-3209C34F871A}.Release|Any CPU.Build.0 = Release|Any CPU
	EndGlobalSection
	GlobalSection(SolutionProperties) = preSolution
		HideSolutionNode = FALSE
	EndGlobalSection
	GlobalSection(ExtensibilityGlobals) = postSolution
		SolutionGuid = {3E40583E-BE7A-4422-8170-59D6CEC6E44A}
	EndGlobalSection
EndGlobal
